// !$*UTF8*$!
{
	archiveVersion = 1;
	classes = {
	};
	objectVersion = 70;
	objects = {

/* Begin PBXBuildFile section */
		A1000001000000000000001 /* VideoCullingApp.swift in Sources */ = {isa = PBXBuildFile; fileRef = A1000002000000000000001 /* VideoCullingApp.swift */; };
		A1000003000000000000001 /* ContentView.swift in Sources */ = {isa = PBXBuildFile; fileRef = A1000004000000000000001 /* ContentView.swift */; };
		A1000005000000000000001 /* Assets.xcassets in Resources */ = {isa = PBXBuildFile; fileRef = A1000006000000000000001 /* Assets.xcassets */; };
		A1000007000000000000001 /* VideoCullingApp.xcdatamodeld in Sources */ = {isa = PBXBuildFile; fileRef = A1000008000000000000001 /* VideoCullingApp.xcdatamodeld */; };
		A1000009000000000000001 /* Persistence.swift in Sources */ = {isa = PBXBuildFile; fileRef = A100000A000000000000001 /* Persistence.swift */; };
		A100000B000000000000001 /* GalleryView.swift in Sources */ = {isa = PBXBuildFile; fileRef = A100000C000000000000001 /* GalleryView.swift */; };
		A100000D000000000000001 /* VideoAssetRowView.swift in Sources */ = {isa = PBXBuildFile; fileRef = A100000E000000000000001 /* VideoAssetRowView.swift */; };
		A1000015000000000000001 /* StarRatingView.swift in Sources */ = {isa = PBXBuildFile; fileRef = A1000016000000000000001 /* StarRatingView.swift */; };
		A1000017000000000000001 /* FileScannerService.swift in Sources */ = {isa = PBXBuildFile; fileRef = A1000018000000000000001 /* FileScannerService.swift */; };
		A1000019000000000000001 /* ProcessingService.swift in Sources */ = {isa = PBXBuildFile; fileRef = A100001A000000000000001 /* ProcessingService.swift */; };
		A100001B000000000000001 /* ContentViewModel.swift in Sources */ = {isa = PBXBuildFile; fileRef = A100001C000000000000001 /* ContentViewModel.swift */; };
		A100001D000000000000001 /* ManagedVideoAsset+Extensions.swift in Sources */ = {isa = PBXBuildFile; fileRef = A100001E000000000000001 /* ManagedVideoAsset+Extensions.swift */; };
		A1000023000000000000001 /* LUTManager.swift in Sources */ = {isa = PBXBuildFile; fileRef = A1000024000000000000001 /* LUTManager.swift */; };
		A1000025000000000000001 /* LUTManagerView.swift in Sources */ = {isa = PBXBuildFile; fileRef = A1000026000000000000001 /* LUTManagerView.swift */; };
		A103C5AF2ECF8C2600F4CC39 /* TipsManager.swift in Sources */ = {isa = PBXBuildFile; fileRef = A103C5AE2ECF8C2600F4CC39 /* TipsManager.swift */; };
		A103C5B12ECF8C5300F4CC39 /* tips.json in Resources */ = {isa = PBXBuildFile; fileRef = A103C5B02ECF8C5300F4CC39 /* tips.json */; };
		A109E7682ECED80000CB6B82 /* PlayerPool.swift in Sources */ = {isa = PBXBuildFile; fileRef = A109E7672ECED80000CB6B82 /* PlayerPool.swift */; };
		A12EFBC62ECA304000C0CA18 /* WaveformView.swift in Sources */ = {isa = PBXBuildFile; fileRef = A12EFBC52ECA304000C0CA18 /* WaveformView.swift */; };
		A12EFBC82ECA305400C0CA18 /* PreferencesView.swift in Sources */ = {isa = PBXBuildFile; fileRef = A12EFBC72ECA305400C0CA18 /* PreferencesView.swift */; };
		A12EFBCA2ECA34B600C0CA18 /* LUTParser.swift in Sources */ = {isa = PBXBuildFile; fileRef = A12EFBC92ECA34B600C0CA18 /* LUTParser.swift */; };
		A12EFBCD2ECA3F2D00C0CA18 /* ProcessingProgressView.swift in Sources */ = {isa = PBXBuildFile; fileRef = A12EFBCB2ECA3F2D00C0CA18 /* ProcessingProgressView.swift */; };
		A12EFBCE2ECA3F2D00C0CA18 /* WelcomeView.swift in Sources */ = {isa = PBXBuildFile; fileRef = A12EFBCC2ECA3F2D00C0CA18 /* WelcomeView.swift */; };
		A12EFBD02ECA522200C0CA18 /* FCPXMLExporter.swift in Sources */ = {isa = PBXBuildFile; fileRef = A12EFBCF2ECA522200C0CA18 /* FCPXMLExporter.swift */; };
		A12EFBD22ECA5AC400C0CA18 /* SonyXMLParser.swift in Sources */ = {isa = PBXBuildFile; fileRef = A12EFBD12ECA5AC400C0CA18 /* SonyXMLParser.swift */; };
		A12EFBE22ECA5C7900C0CA18 /* PlayerView.swift in Sources */ = {isa = PBXBuildFile; fileRef = A12EFBE12ECA5C7900C0CA18 /* PlayerView.swift */; };
		A12EFBE32ECA5C7900C0CA18 /* EditableFieldsView.swift in Sources */ = {isa = PBXBuildFile; fileRef = A12EFBDE2ECA5C7900C0CA18 /* EditableFieldsView.swift */; };
		A12EFBE42ECA5C7900C0CA18 /* EnrichedMetadataView.swift in Sources */ = {isa = PBXBuildFile; fileRef = A12EFBDF2ECA5C7900C0CA18 /* EnrichedMetadataView.swift */; };
		A12EFBE52ECA5C7900C0CA18 /* MetadataView.swift in Sources */ = {isa = PBXBuildFile; fileRef = A12EFBE02ECA5C7900C0CA18 /* MetadataView.swift */; };
		A12EFC002ECA5EEF00C0CA18 /* LUTAutoMapper.swift in Sources */ = {isa = PBXBuildFile; fileRef = A12EFBFF2ECA5EEF00C0CA18 /* LUTAutoMapper.swift */; };
		A12EFC102ECA8DC700C0CA18 /* AppleLogToLin-v1.0.cube in Resources */ = {isa = PBXBuildFile; fileRef = A12EFC012ECA8DC700C0CA18 /* AppleLogToLin-v1.0.cube */; };
		A12EFC112ECA8DC700C0CA18 /* AppleLogToRec709-v1.0.cube in Resources */ = {isa = PBXBuildFile; fileRef = A12EFC022ECA8DC700C0CA18 /* AppleLogToRec709-v1.0.cube */; };
		A12EFC122ECA8DC700C0CA18 /* From_SLog2SGumut_To_Cine+709.cube in Resources */ = {isa = PBXBuildFile; fileRef = A12EFC042ECA8DC700C0CA18 /* From_SLog2SGumut_To_Cine+709.cube */; };
		A12EFC132ECA8DC700C0CA18 /* From_SLog2SGumut_To_LC-709_.cube in Resources */ = {isa = PBXBuildFile; fileRef = A12EFC052ECA8DC700C0CA18 /* From_SLog2SGumut_To_LC-709_.cube */; };
		A12EFC142ECA8DC700C0CA18 /* From_SLog2SGumut_To_LC-709TypeA_.cube in Resources */ = {isa = PBXBuildFile; fileRef = A12EFC062ECA8DC700C0CA18 /* From_SLog2SGumut_To_LC-709TypeA_.cube */; };
		A12EFC152ECA8DC700C0CA18 /* From_SLog2SGumut_To_SLog2-709_.cube in Resources */ = {isa = PBXBuildFile; fileRef = A12EFC072ECA8DC700C0CA18 /* From_SLog2SGumut_To_SLog2-709_.cube */; };
		A12EFC162ECA8DC700C0CA18 /* 1_SGamut3CineSLog3_To_LC-709.cube in Resources */ = {isa = PBXBuildFile; fileRef = A12EFC0A2ECA8DC700C0CA18 /* 1_SGamut3CineSLog3_To_LC-709.cube */; };
		A12EFC172ECA8DC700C0CA18 /* 2_SGamut3CineSLog3_To_LC-709TypeA.cube in Resources */ = {isa = PBXBuildFile; fileRef = A12EFC0B2ECA8DC700C0CA18 /* 2_SGamut3CineSLog3_To_LC-709TypeA.cube */; };
		A12EFC182ECA8DC700C0CA18 /* 3_SGamut3CineSLog3_To_SLog2-709.cube in Resources */ = {isa = PBXBuildFile; fileRef = A12EFC0C2ECA8DC700C0CA18 /* 3_SGamut3CineSLog3_To_SLog2-709.cube */; };
		A12EFC192ECA8DC700C0CA18 /* 4_SGamut3CineSLog3_To_Cine+709.cube in Resources */ = {isa = PBXBuildFile; fileRef = A12EFC0D2ECA8DC700C0CA18 /* 4_SGamut3CineSLog3_To_Cine+709.cube */; };
		A12EFC292ECA8E2F00C0CA18 /* 4_SGamut3CineSLog3_To_Cine+709.cube in Resources */ = {isa = PBXBuildFile; fileRef = A12EFC262ECA8E2F00C0CA18 /* 4_SGamut3CineSLog3_To_Cine+709.cube */; };
		A12EFC2A2ECA8E2F00C0CA18 /* AppleLogToRec709-v1.0.cube in Resources */ = {isa = PBXBuildFile; fileRef = A12EFC1B2ECA8E2F00C0CA18 /* AppleLogToRec709-v1.0.cube */; };
		A12EFC2B2ECA8E2F00C0CA18 /* From_SLog2SGumut_To_SLog2-709_.cube in Resources */ = {isa = PBXBuildFile; fileRef = A12EFC202ECA8E2F00C0CA18 /* From_SLog2SGumut_To_SLog2-709_.cube */; };
		A12EFC2C2ECA8E2F00C0CA18 /* From_SLog2SGumut_To_Cine+709.cube in Resources */ = {isa = PBXBuildFile; fileRef = A12EFC1D2ECA8E2F00C0CA18 /* From_SLog2SGumut_To_Cine+709.cube */; };
		A12EFC2D2ECA8E2F00C0CA18 /* AppleLogToLin-v1.0.cube in Resources */ = {isa = PBXBuildFile; fileRef = A12EFC1A2ECA8E2F00C0CA18 /* AppleLogToLin-v1.0.cube */; };
		A12EFC2E2ECA8E2F00C0CA18 /* From_SLog2SGumut_To_LC-709_.cube in Resources */ = {isa = PBXBuildFile; fileRef = A12EFC1E2ECA8E2F00C0CA18 /* From_SLog2SGumut_To_LC-709_.cube */; };
		A12EFC2F2ECA8E2F00C0CA18 /* 2_SGamut3CineSLog3_To_LC-709TypeA.cube in Resources */ = {isa = PBXBuildFile; fileRef = A12EFC242ECA8E2F00C0CA18 /* 2_SGamut3CineSLog3_To_LC-709TypeA.cube */; };
		A12EFC302ECA8E2F00C0CA18 /* 3_SGamut3CineSLog3_To_SLog2-709.cube in Resources */ = {isa = PBXBuildFile; fileRef = A12EFC252ECA8E2F00C0CA18 /* 3_SGamut3CineSLog3_To_SLog2-709.cube */; };
		A12EFC312ECA8E2F00C0CA18 /* 1_SGamut3CineSLog3_To_LC-709.cube in Resources */ = {isa = PBXBuildFile; fileRef = A12EFC232ECA8E2F00C0CA18 /* 1_SGamut3CineSLog3_To_LC-709.cube */; };
		A12EFC322ECA8E2F00C0CA18 /* From_SLog2SGumut_To_LC-709TypeA_.cube in Resources */ = {isa = PBXBuildFile; fileRef = A12EFC1F2ECA8E2F00C0CA18 /* From_SLog2SGumut_To_LC-709TypeA_.cube */; };
		A12EFC342ECAAEDE00C0CA18 /* LoadingProgressView.swift in Sources */ = {isa = PBXBuildFile; fileRef = A12EFC332ECAAEDE00C0CA18 /* LoadingProgressView.swift */; };
		A12EFC602ECB852F00C0CA18 /* LUTAutoMapperTests.swift in Sources */ = {isa = PBXBuildFile; fileRef = A12EFC5F2ECB852F00C0CA18 /* LUTAutoMapperTests.swift */; };
		A12EFC622ECB870800C0CA18 /* VideoCullingAppUITests.swift in Sources */ = {isa = PBXBuildFile; fileRef = A12EFC612ECB870800C0CA18 /* VideoCullingAppUITests.swift */; };
		A12EFC642ECBA8D500C0CA18 /* UILayoutTests.swift in Sources */ = {isa = PBXBuildFile; fileRef = A12EFC632ECBA8D500C0CA18 /* UILayoutTests.swift */; };
		A12EFC6A2ECBB69900C0CA18 /* CompactWorkflowView.swift in Sources */ = {isa = PBXBuildFile; fileRef = A12EFC692ECBB69900C0CA18 /* CompactWorkflowView.swift */; };
		A1DDCE592ECE6DE600966D45 /* HotkeyManager.swift in Sources */ = {isa = PBXBuildFile; fileRef = A1DDCE582ECE6DE600966D45 /* HotkeyManager.swift */; };
		A1DDCE5B2ECE760200966D45 /* ThumbnailService.swift in Sources */ = {isa = PBXBuildFile; fileRef = A1DDCE5A2ECE760200966D45 /* ThumbnailService.swift */; };
/* End PBXBuildFile section */

/* Begin PBXContainerItemProxy section */
		A12EFC3D2ECB77F100C0CA18 /* PBXContainerItemProxy */ = {
			isa = PBXContainerItemProxy;
			containerPortal = A1FFFFFD000000000000002 /* Project object */;
			proxyType = 1;
			remoteGlobalIDString = A1FFFFFC000000000000001;
			remoteInfo = VideoCullingApp;
		};
		A12EFC592ECB783800C0CA18 /* PBXContainerItemProxy */ = {
			isa = PBXContainerItemProxy;
			containerPortal = A1FFFFFD000000000000002 /* Project object */;
			proxyType = 1;
			remoteGlobalIDString = A1FFFFFC000000000000001;
			remoteInfo = VideoCullingApp;
		};
/* End PBXContainerItemProxy section */

/* Begin PBXFileReference section */
		A1000000000000000000001 /* VideoCullingApp.app */ = {isa = PBXFileReference; explicitFileType = wrapper.application; includeInIndex = 0; path = VideoCullingApp.app; sourceTree = BUILT_PRODUCTS_DIR; };
		A1000002000000000000001 /* VideoCullingApp.swift */ = {isa = PBXFileReference; lastKnownFileType = sourcecode.swift; path = VideoCullingApp.swift; sourceTree = "<group>"; };
		A1000004000000000000001 /* ContentView.swift */ = {isa = PBXFileReference; lastKnownFileType = sourcecode.swift; path = ContentView.swift; sourceTree = "<group>"; };
		A1000006000000000000001 /* Assets.xcassets */ = {isa = PBXFileReference; lastKnownFileType = folder.assetcatalog; path = Assets.xcassets; sourceTree = "<group>"; };
		A1000009000000000000002 /* VideoCullingApp.xcdatamodel */ = {isa = PBXFileReference; lastKnownFileType = wrapper.xcdatamodel; path = VideoCullingApp.xcdatamodel; sourceTree = "<group>"; };
		A100000A000000000000001 /* Persistence.swift */ = {isa = PBXFileReference; lastKnownFileType = sourcecode.swift; path = Persistence.swift; sourceTree = "<group>"; };
		A100000C000000000000001 /* GalleryView.swift */ = {isa = PBXFileReference; lastKnownFileType = sourcecode.swift; path = GalleryView.swift; sourceTree = "<group>"; };
		A100000E000000000000001 /* VideoAssetRowView.swift */ = {isa = PBXFileReference; lastKnownFileType = sourcecode.swift; path = VideoAssetRowView.swift; sourceTree = "<group>"; };
		A1000016000000000000001 /* StarRatingView.swift */ = {isa = PBXFileReference; lastKnownFileType = sourcecode.swift; path = StarRatingView.swift; sourceTree = "<group>"; };
		A1000018000000000000001 /* FileScannerService.swift */ = {isa = PBXFileReference; lastKnownFileType = sourcecode.swift; path = FileScannerService.swift; sourceTree = "<group>"; };
		A100001A000000000000001 /* ProcessingService.swift */ = {isa = PBXFileReference; lastKnownFileType = sourcecode.swift; path = ProcessingService.swift; sourceTree = "<group>"; };
		A100001C000000000000001 /* ContentViewModel.swift */ = {isa = PBXFileReference; lastKnownFileType = sourcecode.swift; path = ContentViewModel.swift; sourceTree = "<group>"; };
		A100001E000000000000001 /* ManagedVideoAsset+Extensions.swift */ = {isa = PBXFileReference; lastKnownFileType = sourcecode.swift; path = "ManagedVideoAsset+Extensions.swift"; sourceTree = "<group>"; };
		A1000020000000000000001 /* Info.plist */ = {isa = PBXFileReference; lastKnownFileType = text.plist.xml; path = Info.plist; sourceTree = "<group>"; };
		A1000021000000000000001 /* ffmpeg */ = {isa = PBXFileReference; lastKnownFileType = "compiled.mach-o.executable"; path = ffmpeg; sourceTree = "<group>"; };
		A1000022000000000000001 /* VideoCullingApp.entitlements */ = {isa = PBXFileReference; lastKnownFileType = text.plist.entitlements; path = VideoCullingApp.entitlements; sourceTree = "<group>"; };
		A1000024000000000000001 /* LUTManager.swift */ = {isa = PBXFileReference; lastKnownFileType = sourcecode.swift; path = LUTManager.swift; sourceTree = "<group>"; };
		A1000026000000000000001 /* LUTManagerView.swift */ = {isa = PBXFileReference; lastKnownFileType = sourcecode.swift; path = LUTManagerView.swift; sourceTree = "<group>"; };
		A103C5AE2ECF8C2600F4CC39 /* TipsManager.swift */ = {isa = PBXFileReference; lastKnownFileType = sourcecode.swift; path = TipsManager.swift; sourceTree = "<group>"; };
		A103C5B02ECF8C5300F4CC39 /* tips.json */ = {isa = PBXFileReference; lastKnownFileType = text.json; path = tips.json; sourceTree = "<group>"; };
		A109E7672ECED80000CB6B82 /* PlayerPool.swift */ = {isa = PBXFileReference; lastKnownFileType = sourcecode.swift; path = PlayerPool.swift; sourceTree = "<group>"; };
		A12EFBC52ECA304000C0CA18 /* WaveformView.swift */ = {isa = PBXFileReference; lastKnownFileType = sourcecode.swift; path = WaveformView.swift; sourceTree = "<group>"; };
		A12EFBC72ECA305400C0CA18 /* PreferencesView.swift */ = {isa = PBXFileReference; lastKnownFileType = sourcecode.swift; path = PreferencesView.swift; sourceTree = "<group>"; };
		A12EFBC92ECA34B600C0CA18 /* LUTParser.swift */ = {isa = PBXFileReference; lastKnownFileType = sourcecode.swift; path = LUTParser.swift; sourceTree = "<group>"; };
		A12EFBCB2ECA3F2D00C0CA18 /* ProcessingProgressView.swift */ = {isa = PBXFileReference; lastKnownFileType = sourcecode.swift; path = ProcessingProgressView.swift; sourceTree = "<group>"; };
		A12EFBCC2ECA3F2D00C0CA18 /* WelcomeView.swift */ = {isa = PBXFileReference; lastKnownFileType = sourcecode.swift; path = WelcomeView.swift; sourceTree = "<group>"; };
		A12EFBCF2ECA522200C0CA18 /* FCPXMLExporter.swift */ = {isa = PBXFileReference; lastKnownFileType = sourcecode.swift; path = FCPXMLExporter.swift; sourceTree = "<group>"; };
		A12EFBD12ECA5AC400C0CA18 /* SonyXMLParser.swift */ = {isa = PBXFileReference; lastKnownFileType = sourcecode.swift; path = SonyXMLParser.swift; sourceTree = "<group>"; };
		A12EFBDE2ECA5C7900C0CA18 /* EditableFieldsView.swift */ = {isa = PBXFileReference; lastKnownFileType = sourcecode.swift; path = EditableFieldsView.swift; sourceTree = "<group>"; };
		A12EFBDF2ECA5C7900C0CA18 /* EnrichedMetadataView.swift */ = {isa = PBXFileReference; lastKnownFileType = sourcecode.swift; path = EnrichedMetadataView.swift; sourceTree = "<group>"; };
		A12EFBE02ECA5C7900C0CA18 /* MetadataView.swift */ = {isa = PBXFileReference; lastKnownFileType = sourcecode.swift; path = MetadataView.swift; sourceTree = "<group>"; };
		A12EFBE12ECA5C7900C0CA18 /* PlayerView.swift */ = {isa = PBXFileReference; lastKnownFileType = sourcecode.swift; path = PlayerView.swift; sourceTree = "<group>"; };
		A12EFBFF2ECA5EEF00C0CA18 /* LUTAutoMapper.swift */ = {isa = PBXFileReference; lastKnownFileType = sourcecode.swift; path = LUTAutoMapper.swift; sourceTree = "<group>"; };
		A12EFC012ECA8DC700C0CA18 /* AppleLogToLin-v1.0.cube */ = {isa = PBXFileReference; lastKnownFileType = text; path = "AppleLogToLin-v1.0.cube"; sourceTree = "<group>"; };
		A12EFC022ECA8DC700C0CA18 /* AppleLogToRec709-v1.0.cube */ = {isa = PBXFileReference; lastKnownFileType = text; path = "AppleLogToRec709-v1.0.cube"; sourceTree = "<group>"; };
		A12EFC042ECA8DC700C0CA18 /* From_SLog2SGumut_To_Cine+709.cube */ = {isa = PBXFileReference; lastKnownFileType = text; path = "From_SLog2SGumut_To_Cine+709.cube"; sourceTree = "<group>"; };
		A12EFC052ECA8DC700C0CA18 /* From_SLog2SGumut_To_LC-709_.cube */ = {isa = PBXFileReference; lastKnownFileType = text; path = "From_SLog2SGumut_To_LC-709_.cube"; sourceTree = "<group>"; };
		A12EFC062ECA8DC700C0CA18 /* From_SLog2SGumut_To_LC-709TypeA_.cube */ = {isa = PBXFileReference; lastKnownFileType = text; path = "From_SLog2SGumut_To_LC-709TypeA_.cube"; sourceTree = "<group>"; };
		A12EFC072ECA8DC700C0CA18 /* From_SLog2SGumut_To_SLog2-709_.cube */ = {isa = PBXFileReference; lastKnownFileType = text; path = "From_SLog2SGumut_To_SLog2-709_.cube"; sourceTree = "<group>"; };
		A12EFC0A2ECA8DC700C0CA18 /* 1_SGamut3CineSLog3_To_LC-709.cube */ = {isa = PBXFileReference; lastKnownFileType = text; path = "1_SGamut3CineSLog3_To_LC-709.cube"; sourceTree = "<group>"; };
		A12EFC0B2ECA8DC700C0CA18 /* 2_SGamut3CineSLog3_To_LC-709TypeA.cube */ = {isa = PBXFileReference; lastKnownFileType = text; path = "2_SGamut3CineSLog3_To_LC-709TypeA.cube"; sourceTree = "<group>"; };
		A12EFC0C2ECA8DC700C0CA18 /* 3_SGamut3CineSLog3_To_SLog2-709.cube */ = {isa = PBXFileReference; lastKnownFileType = text; path = "3_SGamut3CineSLog3_To_SLog2-709.cube"; sourceTree = "<group>"; };
		A12EFC0D2ECA8DC700C0CA18 /* 4_SGamut3CineSLog3_To_Cine+709.cube */ = {isa = PBXFileReference; lastKnownFileType = text; path = "4_SGamut3CineSLog3_To_Cine+709.cube"; sourceTree = "<group>"; };
		A12EFC1A2ECA8E2F00C0CA18 /* AppleLogToLin-v1.0.cube */ = {isa = PBXFileReference; lastKnownFileType = text; path = "AppleLogToLin-v1.0.cube"; sourceTree = "<group>"; };
		A12EFC1B2ECA8E2F00C0CA18 /* AppleLogToRec709-v1.0.cube */ = {isa = PBXFileReference; lastKnownFileType = text; path = "AppleLogToRec709-v1.0.cube"; sourceTree = "<group>"; };
		A12EFC1D2ECA8E2F00C0CA18 /* From_SLog2SGumut_To_Cine+709.cube */ = {isa = PBXFileReference; lastKnownFileType = text; path = "From_SLog2SGumut_To_Cine+709.cube"; sourceTree = "<group>"; };
		A12EFC1E2ECA8E2F00C0CA18 /* From_SLog2SGumut_To_LC-709_.cube */ = {isa = PBXFileReference; lastKnownFileType = text; path = "From_SLog2SGumut_To_LC-709_.cube"; sourceTree = "<group>"; };
		A12EFC1F2ECA8E2F00C0CA18 /* From_SLog2SGumut_To_LC-709TypeA_.cube */ = {isa = PBXFileReference; lastKnownFileType = text; path = "From_SLog2SGumut_To_LC-709TypeA_.cube"; sourceTree = "<group>"; };
		A12EFC202ECA8E2F00C0CA18 /* From_SLog2SGumut_To_SLog2-709_.cube */ = {isa = PBXFileReference; lastKnownFileType = text; path = "From_SLog2SGumut_To_SLog2-709_.cube"; sourceTree = "<group>"; };
		A12EFC232ECA8E2F00C0CA18 /* 1_SGamut3CineSLog3_To_LC-709.cube */ = {isa = PBXFileReference; lastKnownFileType = text; path = "1_SGamut3CineSLog3_To_LC-709.cube"; sourceTree = "<group>"; };
		A12EFC242ECA8E2F00C0CA18 /* 2_SGamut3CineSLog3_To_LC-709TypeA.cube */ = {isa = PBXFileReference; lastKnownFileType = text; path = "2_SGamut3CineSLog3_To_LC-709TypeA.cube"; sourceTree = "<group>"; };
		A12EFC252ECA8E2F00C0CA18 /* 3_SGamut3CineSLog3_To_SLog2-709.cube */ = {isa = PBXFileReference; lastKnownFileType = text; path = "3_SGamut3CineSLog3_To_SLog2-709.cube"; sourceTree = "<group>"; };
		A12EFC262ECA8E2F00C0CA18 /* 4_SGamut3CineSLog3_To_Cine+709.cube */ = {isa = PBXFileReference; lastKnownFileType = text; path = "4_SGamut3CineSLog3_To_Cine+709.cube"; sourceTree = "<group>"; };
		A12EFC332ECAAEDE00C0CA18 /* LoadingProgressView.swift */ = {isa = PBXFileReference; lastKnownFileType = sourcecode.swift; path = LoadingProgressView.swift; sourceTree = "<group>"; };
		A12EFC392ECB77F100C0CA18 /* VideoCullingAppTests.xctest */ = {isa = PBXFileReference; explicitFileType = wrapper.cfbundle; includeInIndex = 0; path = VideoCullingAppTests.xctest; sourceTree = BUILT_PRODUCTS_DIR; };
		A12EFC532ECB783800C0CA18 /* VideoCullingAppUITests.xctest */ = {isa = PBXFileReference; explicitFileType = wrapper.cfbundle; includeInIndex = 0; path = VideoCullingAppUITests.xctest; sourceTree = BUILT_PRODUCTS_DIR; };
		A12EFC5F2ECB852F00C0CA18 /* LUTAutoMapperTests.swift */ = {isa = PBXFileReference; lastKnownFileType = sourcecode.swift; path = LUTAutoMapperTests.swift; sourceTree = "<group>"; };
		A12EFC612ECB870800C0CA18 /* VideoCullingAppUITests.swift */ = {isa = PBXFileReference; lastKnownFileType = sourcecode.swift; path = VideoCullingAppUITests.swift; sourceTree = "<group>"; };
		A12EFC632ECBA8D500C0CA18 /* UILayoutTests.swift */ = {isa = PBXFileReference; lastKnownFileType = sourcecode.swift; path = UILayoutTests.swift; sourceTree = "<group>"; };
		A12EFC692ECBB69900C0CA18 /* CompactWorkflowView.swift */ = {isa = PBXFileReference; lastKnownFileType = sourcecode.swift; path = CompactWorkflowView.swift; sourceTree = "<group>"; };
		A1DDCE582ECE6DE600966D45 /* HotkeyManager.swift */ = {isa = PBXFileReference; lastKnownFileType = sourcecode.swift; path = HotkeyManager.swift; sourceTree = "<group>"; };
		A1DDCE5A2ECE760200966D45 /* ThumbnailService.swift */ = {isa = PBXFileReference; lastKnownFileType = sourcecode.swift; path = ThumbnailService.swift; sourceTree = "<group>"; };
/* End PBXFileReference section */

/* Begin PBXFileSystemSynchronizedRootGroup section */
		A12EFC3A2ECB77F100C0CA18 /* VideoCullingAppTests */ = {isa = PBXFileSystemSynchronizedRootGroup; explicitFileTypes = {}; explicitFolders = (); path = VideoCullingAppTests; sourceTree = "<group>"; };
		A12EFC472ECB780100C0CA18 /* VideoCullingAppUITests */ = {isa = PBXFileSystemSynchronizedRootGroup; explicitFileTypes = {}; explicitFolders = (); path = VideoCullingAppUITests; sourceTree = "<group>"; };
/* End PBXFileSystemSynchronizedRootGroup section */

/* Begin PBXFrameworksBuildPhase section */
		A12EFC362ECB77F100C0CA18 /* Frameworks */ = {
			isa = PBXFrameworksBuildPhase;
			buildActionMask = 2147483647;
			files = (
			);
			runOnlyForDeploymentPostprocessing = 0;
		};
		A12EFC502ECB783800C0CA18 /* Frameworks */ = {
			isa = PBXFrameworksBuildPhase;
			buildActionMask = 2147483647;
			files = (
			);
			runOnlyForDeploymentPostprocessing = 0;
		};
		A1FFFFFF000000000000001 /* Frameworks */ = {
			isa = PBXFrameworksBuildPhase;
			buildActionMask = 2147483647;
			files = (
			);
			runOnlyForDeploymentPostprocessing = 0;
		};
/* End PBXFrameworksBuildPhase section */

/* Begin PBXGroup section */
		A1000001000000000000002 = {
			isa = PBXGroup;
			children = (
				A1000002000000000000001 /* VideoCullingApp.swift */,
				A1000020000000000000001 /* Info.plist */,
				A1000022000000000000001 /* VideoCullingApp.entitlements */,
				A1000001000000000000003 /* Views */,
				A1000001000000000000004 /* ViewModels */,
				A1000001000000000000005 /* Models */,
				A1000001000000000000006 /* Services */,
				A1000001000000000000007 /* Persistence */,
				A100000100000000000000A /* Resources */,
				A1000006000000000000001 /* Assets.xcassets */,
				A1000008000000000000001 /* VideoCullingApp.xcdatamodeld */,
			);
			sourceTree = "<group>";
		};
		A1000001000000000000003 /* Views */ = {
			isa = PBXGroup;
			children = (
				A12EFC692ECBB69900C0CA18 /* CompactWorkflowView.swift */,
				A12EFC332ECAAEDE00C0CA18 /* LoadingProgressView.swift */,
				A12EFBDE2ECA5C7900C0CA18 /* EditableFieldsView.swift */,
				A12EFBDF2ECA5C7900C0CA18 /* EnrichedMetadataView.swift */,
				A12EFBE02ECA5C7900C0CA18 /* MetadataView.swift */,
				A12EFBE12ECA5C7900C0CA18 /* PlayerView.swift */,
				A12EFBCB2ECA3F2D00C0CA18 /* ProcessingProgressView.swift */,
				A12EFBCC2ECA3F2D00C0CA18 /* WelcomeView.swift */,
				A12EFBC72ECA305400C0CA18 /* PreferencesView.swift */,
				A12EFBC52ECA304000C0CA18 /* WaveformView.swift */,
				A1000004000000000000001 /* ContentView.swift */,
				A100000C000000000000001 /* GalleryView.swift */,
				A100000E000000000000001 /* VideoAssetRowView.swift */,
				A1000026000000000000001 /* LUTManagerView.swift */,
				A1000001000000000000009 /* Shared */,
			);
			path = Views;
			sourceTree = "<group>";
		};
		A1000001000000000000004 /* ViewModels */ = {
			isa = PBXGroup;
			children = (
				A100001C000000000000001 /* ContentViewModel.swift */,
			);
			path = ViewModels;
			sourceTree = "<group>";
		};
		A1000001000000000000005 /* Models */ = {
			isa = PBXGroup;
			children = (
				A100001E000000000000001 /* ManagedVideoAsset+Extensions.swift */,
			);
			path = Models;
			sourceTree = "<group>";
		};
		A1000001000000000000006 /* Services */ = {
			isa = PBXGroup;
			children = (
				A103C5AE2ECF8C2600F4CC39 /* TipsManager.swift */,
				A109E7672ECED80000CB6B82 /* PlayerPool.swift */,
				A1DDCE5A2ECE760200966D45 /* ThumbnailService.swift */,
				A1DDCE582ECE6DE600966D45 /* HotkeyManager.swift */,
				A12EFBFF2ECA5EEF00C0CA18 /* LUTAutoMapper.swift */,
				A12EFBD12ECA5AC400C0CA18 /* SonyXMLParser.swift */,
				A12EFBCF2ECA522200C0CA18 /* FCPXMLExporter.swift */,
				A12EFBC92ECA34B600C0CA18 /* LUTParser.swift */,
				A1000018000000000000001 /* FileScannerService.swift */,
				A100001A000000000000001 /* ProcessingService.swift */,
				A1000024000000000000001 /* LUTManager.swift */,
			);
			path = Services;
			sourceTree = "<group>";
		};
		A1000001000000000000007 /* Persistence */ = {
			isa = PBXGroup;
			children = (
				A100000A000000000000001 /* Persistence.swift */,
			);
			path = Persistence;
			sourceTree = "<group>";
		};
		A1000001000000000000009 /* Shared */ = {
			isa = PBXGroup;
			children = (
				A1000016000000000000001 /* StarRatingView.swift */,
			);
			path = Shared;
			sourceTree = "<group>";
		};
		A100000100000000000000A /* Resources */ = {
			isa = PBXGroup;
			children = (
				A1000021000000000000001 /* ffmpeg */,
			);
			path = Resources;
			sourceTree = "<group>";
		};
		A12EFC032ECA8DC700C0CA18 /* AppleLog */ = {
			isa = PBXGroup;
			children = (
				A12EFC012ECA8DC700C0CA18 /* AppleLogToLin-v1.0.cube */,
				A12EFC022ECA8DC700C0CA18 /* AppleLogToRec709-v1.0.cube */,
			);
			path = AppleLog;
			sourceTree = "<group>";
		};
		A12EFC082ECA8DC700C0CA18 /* Look_profile_for_resolve_S-Gamut_Slog2 */ = {
			isa = PBXGroup;
			children = (
				A12EFC042ECA8DC700C0CA18 /* From_SLog2SGumut_To_Cine+709.cube */,
				A12EFC052ECA8DC700C0CA18 /* From_SLog2SGumut_To_LC-709_.cube */,
				A12EFC062ECA8DC700C0CA18 /* From_SLog2SGumut_To_LC-709TypeA_.cube */,
				A12EFC072ECA8DC700C0CA18 /* From_SLog2SGumut_To_SLog2-709_.cube */,
			);
			path = "Look_profile_for_resolve_S-Gamut_Slog2";
			sourceTree = "<group>";
		};
		A12EFC092ECA8DC700C0CA18 /* S-Gamut_Slog2 */ = {
			isa = PBXGroup;
			children = (
				A12EFC082ECA8DC700C0CA18 /* Look_profile_for_resolve_S-Gamut_Slog2 */,
			);
			path = "S-Gamut_Slog2";
			sourceTree = "<group>";
		};
		A12EFC0E2ECA8DC700C0CA18 /* SLog3_SGamut3Cine 3 */ = {
			isa = PBXGroup;
			children = (
				A12EFC0A2ECA8DC700C0CA18 /* 1_SGamut3CineSLog3_To_LC-709.cube */,
				A12EFC0B2ECA8DC700C0CA18 /* 2_SGamut3CineSLog3_To_LC-709TypeA.cube */,
				A12EFC0C2ECA8DC700C0CA18 /* 3_SGamut3CineSLog3_To_SLog2-709.cube */,
				A12EFC0D2ECA8DC700C0CA18 /* 4_SGamut3CineSLog3_To_Cine+709.cube */,
			);
			path = "SLog3_SGamut3Cine 3";
			sourceTree = "<group>";
		};
		A12EFC0F2ECA8DC700C0CA18 /* DefaultLuts */ = {
			isa = PBXGroup;
			children = (
				A12EFC032ECA8DC700C0CA18 /* AppleLog */,
				A12EFC092ECA8DC700C0CA18 /* S-Gamut_Slog2 */,
				A12EFC0E2ECA8DC700C0CA18 /* SLog3_SGamut3Cine 3 */,
			);
			path = DefaultLuts;
			sourceTree = "<group>";
		};
		A12EFC1C2ECA8E2F00C0CA18 /* AppleLog */ = {
			isa = PBXGroup;
			children = (
				A12EFC1A2ECA8E2F00C0CA18 /* AppleLogToLin-v1.0.cube */,
				A12EFC1B2ECA8E2F00C0CA18 /* AppleLogToRec709-v1.0.cube */,
			);
			path = AppleLog;
			sourceTree = "<group>";
		};
		A12EFC212ECA8E2F00C0CA18 /* Look_profile_for_resolve_S-Gamut_Slog2 */ = {
			isa = PBXGroup;
			children = (
				A12EFC1D2ECA8E2F00C0CA18 /* From_SLog2SGumut_To_Cine+709.cube */,
				A12EFC1E2ECA8E2F00C0CA18 /* From_SLog2SGumut_To_LC-709_.cube */,
				A12EFC1F2ECA8E2F00C0CA18 /* From_SLog2SGumut_To_LC-709TypeA_.cube */,
				A12EFC202ECA8E2F00C0CA18 /* From_SLog2SGumut_To_SLog2-709_.cube */,
			);
			path = "Look_profile_for_resolve_S-Gamut_Slog2";
			sourceTree = "<group>";
		};
		A12EFC222ECA8E2F00C0CA18 /* S-Gamut_Slog2 */ = {
			isa = PBXGroup;
			children = (
				A12EFC212ECA8E2F00C0CA18 /* Look_profile_for_resolve_S-Gamut_Slog2 */,
			);
			path = "S-Gamut_Slog2";
			sourceTree = "<group>";
		};
		A12EFC272ECA8E2F00C0CA18 /* SLog3_SGamut3Cine 3 */ = {
			isa = PBXGroup;
			children = (
				A12EFC232ECA8E2F00C0CA18 /* 1_SGamut3CineSLog3_To_LC-709.cube */,
				A12EFC242ECA8E2F00C0CA18 /* 2_SGamut3CineSLog3_To_LC-709TypeA.cube */,
				A12EFC252ECA8E2F00C0CA18 /* 3_SGamut3CineSLog3_To_SLog2-709.cube */,
				A12EFC262ECA8E2F00C0CA18 /* 4_SGamut3CineSLog3_To_Cine+709.cube */,
			);
			path = "SLog3_SGamut3Cine 3";
			sourceTree = "<group>";
		};
		A12EFC282ECA8E2F00C0CA18 /* DefaultLuts */ = {
			isa = PBXGroup;
			children = (
				A12EFC1C2ECA8E2F00C0CA18 /* AppleLog */,
				A12EFC222ECA8E2F00C0CA18 /* S-Gamut_Slog2 */,
				A12EFC272ECA8E2F00C0CA18 /* SLog3_SGamut3Cine 3 */,
			);
			path = DefaultLuts;
			sourceTree = "<group>";
		};
		A1FFFFFD000000000000001 /* Products */ = {
			isa = PBXGroup;
			children = (
				A1000000000000000000001 /* VideoCullingApp.app */,
				A12EFC392ECB77F100C0CA18 /* VideoCullingAppTests.xctest */,
				A12EFC532ECB783800C0CA18 /* VideoCullingAppUITests.xctest */,
			);
			name = Products;
			sourceTree = "<group>";
		};
		A1FFFFFE000000000000001 = {
			isa = PBXGroup;
			children = (
				A103C5B02ECF8C5300F4CC39 /* tips.json */,
				A12EFC632ECBA8D500C0CA18 /* UILayoutTests.swift */,
				A12EFC612ECB870800C0CA18 /* VideoCullingAppUITests.swift */,
				A12EFC5F2ECB852F00C0CA18 /* LUTAutoMapperTests.swift */,
				A12EFC282ECA8E2F00C0CA18 /* DefaultLuts */,
				A12EFC0F2ECA8DC700C0CA18 /* DefaultLuts */,
				A1000001000000000000002,
				A12EFC3A2ECB77F100C0CA18 /* VideoCullingAppTests */,
				A12EFC472ECB780100C0CA18 /* VideoCullingAppUITests */,
				A1FFFFFD000000000000001 /* Products */,
			);
			sourceTree = "<group>";
		};
/* End PBXGroup section */

/* Begin PBXNativeTarget section */
		A12EFC382ECB77F100C0CA18 /* VideoCullingAppTests */ = {
			isa = PBXNativeTarget;
			buildConfigurationList = A12EFC412ECB77F100C0CA18 /* Build configuration list for PBXNativeTarget "VideoCullingAppTests" */;
			buildPhases = (
				A12EFC352ECB77F100C0CA18 /* Sources */,
				A12EFC362ECB77F100C0CA18 /* Frameworks */,
				A12EFC372ECB77F100C0CA18 /* Resources */,
			);
			buildRules = (
			);
			dependencies = (
				A12EFC3E2ECB77F100C0CA18 /* PBXTargetDependency */,
			);
			fileSystemSynchronizedGroups = (
				A12EFC3A2ECB77F100C0CA18 /* VideoCullingAppTests */,
			);
			name = VideoCullingAppTests;
			packageProductDependencies = (
			);
			productName = VideoCullingAppTests;
			productReference = A12EFC392ECB77F100C0CA18 /* VideoCullingAppTests.xctest */;
			productType = "com.apple.product-type.bundle.unit-test";
		};
		A12EFC522ECB783800C0CA18 /* VideoCullingAppUITests */ = {
			isa = PBXNativeTarget;
			buildConfigurationList = A12EFC5B2ECB783800C0CA18 /* Build configuration list for PBXNativeTarget "VideoCullingAppUITests" */;
			buildPhases = (
				A12EFC4F2ECB783800C0CA18 /* Sources */,
				A12EFC502ECB783800C0CA18 /* Frameworks */,
				A12EFC512ECB783800C0CA18 /* Resources */,
			);
			buildRules = (
			);
			dependencies = (
				A12EFC5A2ECB783800C0CA18 /* PBXTargetDependency */,
			);
			name = VideoCullingAppUITests;
			packageProductDependencies = (
			);
			productName = VideoCullingAppUITests;
			productReference = A12EFC532ECB783800C0CA18 /* VideoCullingAppUITests.xctest */;
			productType = "com.apple.product-type.bundle.ui-testing";
		};
		A1FFFFFC000000000000001 /* VideoCullingApp */ = {
			isa = PBXNativeTarget;
			buildConfigurationList = A1FFFFFB000000000000001 /* Build configuration list for PBXNativeTarget "VideoCullingApp" */;
			buildPhases = (
				A1FFFFFA000000000000001 /* Sources */,
				A1FFFFFF000000000000001 /* Frameworks */,
				A1FFFFF9000000000000001 /* Resources */,
			);
			buildRules = (
			);
			dependencies = (
			);
			name = VideoCullingApp;
			productName = VideoCullingApp;
			productReference = A1000000000000000000001 /* VideoCullingApp.app */;
			productType = "com.apple.product-type.application";
		};
/* End PBXNativeTarget section */

/* Begin PBXProject section */
		A1FFFFFD000000000000002 /* Project object */ = {
			isa = PBXProject;
			attributes = {
				BuildIndependentTargetsInParallel = 1;
				LastSwiftUpdateCheck = 2610;
				LastUpgradeCheck = 1500;
				TargetAttributes = {
					A12EFC382ECB77F100C0CA18 = {
						CreatedOnToolsVersion = 26.1.1;
						TestTargetID = A1FFFFFC000000000000001;
					};
					A12EFC522ECB783800C0CA18 = {
						CreatedOnToolsVersion = 26.1.1;
						LastSwiftMigration = 2610;
						TestTargetID = A1FFFFFC000000000000001;
					};
					A1FFFFFC000000000000001 = {
						CreatedOnToolsVersion = 15.0;
					};
				};
			};
			buildConfigurationList = A1FFFFFA000000000000002 /* Build configuration list for PBXProject "VideoCullingApp" */;
			compatibilityVersion = "Xcode 14.0";
			developmentRegion = en;
			hasScannedForEncodings = 0;
			knownRegions = (
				en,
				Base,
			);
			mainGroup = A1FFFFFE000000000000001;
			productRefGroup = A1FFFFFD000000000000001 /* Products */;
			projectDirPath = "";
			projectRoot = "";
			targets = (
				A1FFFFFC000000000000001 /* VideoCullingApp */,
				A12EFC382ECB77F100C0CA18 /* VideoCullingAppTests */,
				A12EFC522ECB783800C0CA18 /* VideoCullingAppUITests */,
			);
		};
/* End PBXProject section */

/* Begin PBXResourcesBuildPhase section */
		A12EFC372ECB77F100C0CA18 /* Resources */ = {
			isa = PBXResourcesBuildPhase;
			buildActionMask = 2147483647;
			files = (
			);
			runOnlyForDeploymentPostprocessing = 0;
		};
		A12EFC512ECB783800C0CA18 /* Resources */ = {
			isa = PBXResourcesBuildPhase;
			buildActionMask = 2147483647;
			files = (
			);
			runOnlyForDeploymentPostprocessing = 0;
		};
		A1FFFFF9000000000000001 /* Resources */ = {
			isa = PBXResourcesBuildPhase;
			buildActionMask = 2147483647;
			files = (
				A12EFC102ECA8DC700C0CA18 /* AppleLogToLin-v1.0.cube in Resources */,
				A12EFC112ECA8DC700C0CA18 /* AppleLogToRec709-v1.0.cube in Resources */,
				A12EFC122ECA8DC700C0CA18 /* From_SLog2SGumut_To_Cine+709.cube in Resources */,
				A12EFC132ECA8DC700C0CA18 /* From_SLog2SGumut_To_LC-709_.cube in Resources */,
				A12EFC142ECA8DC700C0CA18 /* From_SLog2SGumut_To_LC-709TypeA_.cube in Resources */,
				A12EFC152ECA8DC700C0CA18 /* From_SLog2SGumut_To_SLog2-709_.cube in Resources */,
				A12EFC162ECA8DC700C0CA18 /* 1_SGamut3CineSLog3_To_LC-709.cube in Resources */,
				A12EFC172ECA8DC700C0CA18 /* 2_SGamut3CineSLog3_To_LC-709TypeA.cube in Resources */,
				A12EFC182ECA8DC700C0CA18 /* 3_SGamut3CineSLog3_To_SLog2-709.cube in Resources */,
				A12EFC192ECA8DC700C0CA18 /* 4_SGamut3CineSLog3_To_Cine+709.cube in Resources */,
				A12EFC292ECA8E2F00C0CA18 /* 4_SGamut3CineSLog3_To_Cine+709.cube in Resources */,
				A103C5B12ECF8C5300F4CC39 /* tips.json in Resources */,
				A12EFC2A2ECA8E2F00C0CA18 /* AppleLogToRec709-v1.0.cube in Resources */,
				A12EFC2B2ECA8E2F00C0CA18 /* From_SLog2SGumut_To_SLog2-709_.cube in Resources */,
				A12EFC2C2ECA8E2F00C0CA18 /* From_SLog2SGumut_To_Cine+709.cube in Resources */,
				A12EFC2D2ECA8E2F00C0CA18 /* AppleLogToLin-v1.0.cube in Resources */,
				A12EFC2E2ECA8E2F00C0CA18 /* From_SLog2SGumut_To_LC-709_.cube in Resources */,
				A12EFC2F2ECA8E2F00C0CA18 /* 2_SGamut3CineSLog3_To_LC-709TypeA.cube in Resources */,
				A12EFC302ECA8E2F00C0CA18 /* 3_SGamut3CineSLog3_To_SLog2-709.cube in Resources */,
				A12EFC312ECA8E2F00C0CA18 /* 1_SGamut3CineSLog3_To_LC-709.cube in Resources */,
				A12EFC322ECA8E2F00C0CA18 /* From_SLog2SGumut_To_LC-709TypeA_.cube in Resources */,
				A1000005000000000000001 /* Assets.xcassets in Resources */,
			);
			runOnlyForDeploymentPostprocessing = 0;
		};
/* End PBXResourcesBuildPhase section */

/* Begin PBXSourcesBuildPhase section */
		A12EFC352ECB77F100C0CA18 /* Sources */ = {
			isa = PBXSourcesBuildPhase;
			buildActionMask = 2147483647;
			files = (
				A12EFC602ECB852F00C0CA18 /* LUTAutoMapperTests.swift in Sources */,
			);
			runOnlyForDeploymentPostprocessing = 0;
		};
		A12EFC4F2ECB783800C0CA18 /* Sources */ = {
			isa = PBXSourcesBuildPhase;
			buildActionMask = 2147483647;
			files = (
				A12EFC622ECB870800C0CA18 /* VideoCullingAppUITests.swift in Sources */,
				A12EFC642ECBA8D500C0CA18 /* UILayoutTests.swift in Sources */,
			);
			runOnlyForDeploymentPostprocessing = 0;
		};
		A1FFFFFA000000000000001 /* Sources */ = {
			isa = PBXSourcesBuildPhase;
			buildActionMask = 2147483647;
			files = (
				A12EFC6A2ECBB69900C0CA18 /* CompactWorkflowView.swift in Sources */,
				A1000001000000000000001 /* VideoCullingApp.swift in Sources */,
				A12EFBC62ECA304000C0CA18 /* WaveformView.swift in Sources */,
				A1000003000000000000001 /* ContentView.swift in Sources */,
				A12EFBE22ECA5C7900C0CA18 /* PlayerView.swift in Sources */,
				A1DDCE592ECE6DE600966D45 /* HotkeyManager.swift in Sources */,
				A12EFBE32ECA5C7900C0CA18 /* EditableFieldsView.swift in Sources */,
				A12EFBE42ECA5C7900C0CA18 /* EnrichedMetadataView.swift in Sources */,
				A12EFC342ECAAEDE00C0CA18 /* LoadingProgressView.swift in Sources */,
				A12EFBE52ECA5C7900C0CA18 /* MetadataView.swift in Sources */,
				A12EFBCA2ECA34B600C0CA18 /* LUTParser.swift in Sources */,
				A1000007000000000000001 /* VideoCullingApp.xcdatamodeld in Sources */,
				A1000009000000000000001 /* Persistence.swift in Sources */,
				A100000B000000000000001 /* GalleryView.swift in Sources */,
				A100000D000000000000001 /* VideoAssetRowView.swift in Sources */,
				A12EFBD02ECA522200C0CA18 /* FCPXMLExporter.swift in Sources */,
				A12EFBCD2ECA3F2D00C0CA18 /* ProcessingProgressView.swift in Sources */,
				A12EFBCE2ECA3F2D00C0CA18 /* WelcomeView.swift in Sources */,
				A109E7682ECED80000CB6B82 /* PlayerPool.swift in Sources */,
				A1000015000000000000001 /* StarRatingView.swift in Sources */,
				A12EFBD22ECA5AC400C0CA18 /* SonyXMLParser.swift in Sources */,
				A1000017000000000000001 /* FileScannerService.swift in Sources */,
				A103C5AF2ECF8C2600F4CC39 /* TipsManager.swift in Sources */,
				A1000019000000000000001 /* ProcessingService.swift in Sources */,
				A12EFC002ECA5EEF00C0CA18 /* LUTAutoMapper.swift in Sources */,
				A12EFBC82ECA305400C0CA18 /* PreferencesView.swift in Sources */,
				A1DDCE5B2ECE760200966D45 /* ThumbnailService.swift in Sources */,
				A100001B000000000000001 /* ContentViewModel.swift in Sources */,
				A100001D000000000000001 /* ManagedVideoAsset+Extensions.swift in Sources */,
				A1000023000000000000001 /* LUTManager.swift in Sources */,
				A1000025000000000000001 /* LUTManagerView.swift in Sources */,
			);
			runOnlyForDeploymentPostprocessing = 0;
		};
/* End PBXSourcesBuildPhase section */

/* Begin PBXTargetDependency section */
		A12EFC3E2ECB77F100C0CA18 /* PBXTargetDependency */ = {
			isa = PBXTargetDependency;
			target = A1FFFFFC000000000000001 /* VideoCullingApp */;
			targetProxy = A12EFC3D2ECB77F100C0CA18 /* PBXContainerItemProxy */;
		};
		A12EFC5A2ECB783800C0CA18 /* PBXTargetDependency */ = {
			isa = PBXTargetDependency;
			target = A1FFFFFC000000000000001 /* VideoCullingApp */;
			targetProxy = A12EFC592ECB783800C0CA18 /* PBXContainerItemProxy */;
		};
/* End PBXTargetDependency section */

/* Begin XCBuildConfiguration section */
		A12EFC3F2ECB77F100C0CA18 /* Debug */ = {
			isa = XCBuildConfiguration;
			buildSettings = {
				BUNDLE_LOADER = "$(TEST_HOST)";
				CODE_SIGN_IDENTITY = "Developer ID Application";
				CODE_SIGN_STYLE = Manual;
				CURRENT_PROJECT_VERSION = 1;
				DEVELOPMENT_TEAM = TF3755U948;
				GENERATE_INFOPLIST_FILE = YES;
				MACOSX_DEPLOYMENT_TARGET = 15.7;
				MARKETING_VERSION = 1.0;
				PRODUCT_BUNDLE_IDENTIFIER = ai.careernudge.VideoCullingAppTests;
				PRODUCT_NAME = "$(TARGET_NAME)";
				STRING_CATALOG_GENERATE_SYMBOLS = NO;
				SWIFT_APPROACHABLE_CONCURRENCY = YES;
				SWIFT_EMIT_LOC_STRINGS = NO;
				SWIFT_UPCOMING_FEATURE_MEMBER_IMPORT_VISIBILITY = YES;
				SWIFT_VERSION = 5.0;
				TEST_HOST = "$(BUILT_PRODUCTS_DIR)/VideoCullingApp.app/$(BUNDLE_EXECUTABLE_FOLDER_PATH)/VideoCullingApp";
			};
			name = Debug;
		};
		A12EFC402ECB77F100C0CA18 /* Release */ = {
			isa = XCBuildConfiguration;
			buildSettings = {
				BUNDLE_LOADER = "$(TEST_HOST)";
				CODE_SIGN_IDENTITY = "Developer ID Application";
				CODE_SIGN_STYLE = Manual;
				CURRENT_PROJECT_VERSION = 1;
				DEVELOPMENT_TEAM = TF3755U948;
				GENERATE_INFOPLIST_FILE = YES;
				MACOSX_DEPLOYMENT_TARGET = 15.7;
				MARKETING_VERSION = 1.0;
				PRODUCT_BUNDLE_IDENTIFIER = ai.careernudge.VideoCullingAppTests;
				PRODUCT_NAME = "$(TARGET_NAME)";
				STRING_CATALOG_GENERATE_SYMBOLS = NO;
				SWIFT_APPROACHABLE_CONCURRENCY = YES;
				SWIFT_EMIT_LOC_STRINGS = NO;
				SWIFT_UPCOMING_FEATURE_MEMBER_IMPORT_VISIBILITY = YES;
				SWIFT_VERSION = 5.0;
				TEST_HOST = "$(BUILT_PRODUCTS_DIR)/VideoCullingApp.app/$(BUNDLE_EXECUTABLE_FOLDER_PATH)/VideoCullingApp";
			};
			name = Release;
		};
		A12EFC5C2ECB783800C0CA18 /* Debug */ = {
			isa = XCBuildConfiguration;
			buildSettings = {
				CLANG_ENABLE_MODULES = YES;
				CODE_SIGN_IDENTITY = "Developer ID Application";
				CODE_SIGN_STYLE = Manual;
				CURRENT_PROJECT_VERSION = 1;
				DEVELOPMENT_TEAM = TF3755U948;
				GENERATE_INFOPLIST_FILE = YES;
				MACOSX_DEPLOYMENT_TARGET = 15.7;
				MARKETING_VERSION = 1.0;
				PRODUCT_BUNDLE_IDENTIFIER = ai.careernudge.VideoCullingAppUITests;
				PRODUCT_NAME = "$(TARGET_NAME)";
				STRING_CATALOG_GENERATE_SYMBOLS = NO;
				SWIFT_APPROACHABLE_CONCURRENCY = YES;
				SWIFT_EMIT_LOC_STRINGS = NO;
				SWIFT_OPTIMIZATION_LEVEL = "-Onone";
				SWIFT_UPCOMING_FEATURE_MEMBER_IMPORT_VISIBILITY = YES;
				SWIFT_VERSION = 5.0;
				TEST_TARGET_NAME = VideoCullingApp;
			};
			name = Debug;
		};
		A12EFC5D2ECB783800C0CA18 /* Release */ = {
			isa = XCBuildConfiguration;
			buildSettings = {
				CLANG_ENABLE_MODULES = YES;
				CODE_SIGN_IDENTITY = "Developer ID Application";
				CODE_SIGN_STYLE = Manual;
				CURRENT_PROJECT_VERSION = 1;
				DEVELOPMENT_TEAM = TF3755U948;
				GENERATE_INFOPLIST_FILE = YES;
				MACOSX_DEPLOYMENT_TARGET = 15.7;
				MARKETING_VERSION = 1.0;
				PRODUCT_BUNDLE_IDENTIFIER = ai.careernudge.VideoCullingAppUITests;
				PRODUCT_NAME = "$(TARGET_NAME)";
				STRING_CATALOG_GENERATE_SYMBOLS = NO;
				SWIFT_APPROACHABLE_CONCURRENCY = YES;
				SWIFT_EMIT_LOC_STRINGS = NO;
				SWIFT_UPCOMING_FEATURE_MEMBER_IMPORT_VISIBILITY = YES;
				SWIFT_VERSION = 5.0;
				TEST_TARGET_NAME = VideoCullingApp;
			};
			name = Release;
		};
		A1FFFFF7000000000000001 /* Debug */ = {
			isa = XCBuildConfiguration;
			buildSettings = {
				ASSETCATALOG_COMPILER_APPICON_NAME = AppIcon;
				ASSETCATALOG_COMPILER_GLOBAL_ACCENT_COLOR_NAME = AccentColor;
				CODE_SIGN_ENTITLEMENTS = VideoCullingApp.entitlements;
				CODE_SIGN_IDENTITY = "Developer ID Application";
				CODE_SIGN_STYLE = Manual;
				COMBINE_HIDPI_IMAGES = YES;
				CURRENT_PROJECT_VERSION = 1;
				DEVELOPMENT_ASSET_PATHS = "";
				DEVELOPMENT_TEAM = TF3755U948;
				ENABLE_HARDENED_RUNTIME = YES;
				ENABLE_PREVIEWS = YES;
				GENERATE_INFOPLIST_FILE = NO;
				INFOPLIST_FILE = Info.plist;
				INFOPLIST_KEY_NSHumanReadableCopyright = "";
				LD_RUNPATH_SEARCH_PATHS = (
					"$(inherited)",
					"@executable_path/../Frameworks",
				);
				MARKETING_VERSION = 1.0;
				PRODUCT_BUNDLE_IDENTIFIER = ai.careernudge.VideoCullingApp;
				PRODUCT_NAME = "$(TARGET_NAME)";
				SWIFT_EMIT_LOC_STRINGS = YES;
				SWIFT_VERSION = 5.0;
			};
			name = Debug;
		};
		A1FFFFF7000000000000002 /* Release */ = {
			isa = XCBuildConfiguration;
			buildSettings = {
				ASSETCATALOG_COMPILER_APPICON_NAME = AppIcon;
				ASSETCATALOG_COMPILER_GLOBAL_ACCENT_COLOR_NAME = AccentColor;
				CODE_SIGN_ENTITLEMENTS = VideoCullingApp.entitlements;
				CODE_SIGN_IDENTITY = "Developer ID Application";
				CODE_SIGN_STYLE = Manual;
				COMBINE_HIDPI_IMAGES = YES;
				CURRENT_PROJECT_VERSION = 1;
				DEVELOPMENT_ASSET_PATHS = "";
				DEVELOPMENT_TEAM = TF3755U948;
				ENABLE_HARDENED_RUNTIME = YES;
				ENABLE_PREVIEWS = YES;
				GENERATE_INFOPLIST_FILE = NO;
				INFOPLIST_FILE = Info.plist;
				INFOPLIST_KEY_NSHumanReadableCopyright = "";
				LD_RUNPATH_SEARCH_PATHS = (
					"$(inherited)",
					"@executable_path/../Frameworks",
				);
				MARKETING_VERSION = 1.0;
				PRODUCT_BUNDLE_IDENTIFIER = ai.careernudge.VideoCullingApp;
				PRODUCT_NAME = "$(TARGET_NAME)";
				SWIFT_EMIT_LOC_STRINGS = YES;
				SWIFT_VERSION = 5.0;
			};
			name = Release;
		};
		A1FFFFF8000000000000001 /* Debug */ = {
			isa = XCBuildConfiguration;
			buildSettings = {
				ALWAYS_SEARCH_USER_PATHS = NO;
				ASSETCATALOG_COMPILER_GENERATE_SWIFT_ASSET_SYMBOL_EXTENSIONS = YES;
				CLANG_ANALYZER_NONNULL = YES;
				CLANG_ANALYZER_NUMBER_OBJECT_CONVERSION = YES_AGGRESSIVE;
				CLANG_CXX_LANGUAGE_STANDARD = "gnu++20";
				CLANG_ENABLE_MODULES = YES;
				CLANG_ENABLE_OBJC_ARC = YES;
				CLANG_ENABLE_OBJC_WEAK = YES;
				CLANG_WARN_BLOCK_CAPTURE_AUTORELEASING = YES;
				CLANG_WARN_BOOL_CONVERSION = YES;
				CLANG_WARN_COMMA = YES;
				CLANG_WARN_CONSTANT_CONVERSION = YES;
				CLANG_WARN_DEPRECATED_OBJC_IMPLEMENTATIONS = YES;
				CLANG_WARN_DIRECT_OBJC_ISA_USAGE = YES_ERROR;
				CLANG_WARN_DOCUMENTATION_COMMENTS = YES;
				CLANG_WARN_EMPTY_BODY = YES;
				CLANG_WARN_ENUM_CONVERSION = YES;
				CLANG_WARN_INFINITE_RECURSION = YES;
				CLANG_WARN_INT_CONVERSION = YES;
				CLANG_WARN_NON_LITERAL_NULL_CONVERSION = YES;
				CLANG_WARN_OBJC_IMPLICIT_RETAIN_SELF = YES;
				CLANG_WARN_OBJC_LITERAL_CONVERSION = YES;
				CLANG_WARN_OBJC_ROOT_CLASS = YES_ERROR;
				CLANG_WARN_QUOTED_INCLUDE_IN_FRAMEWORK_HEADER = YES;
				CLANG_WARN_RANGE_LOOP_ANALYSIS = YES;
				CLANG_WARN_STRICT_PROTOTYPES = YES;
				CLANG_WARN_SUSPICIOUS_MOVE = YES;
				CLANG_WARN_UNGUARDED_AVAILABILITY = YES_AGGRESSIVE;
				CLANG_WARN_UNREACHABLE_CODE = YES;
				CLANG_WARN__DUPLICATE_METHOD_MATCH = YES;
				COPY_PHASE_STRIP = NO;
				DEBUG_INFORMATION_FORMAT = dwarf;
				ENABLE_STRICT_OBJC_MSGSEND = YES;
				ENABLE_TESTABILITY = YES;
				ENABLE_USER_SCRIPT_SANDBOXING = YES;
				GCC_C_LANGUAGE_STANDARD = gnu17;
				GCC_DYNAMIC_NO_PIC = NO;
				GCC_NO_COMMON_BLOCKS = YES;
				GCC_OPTIMIZATION_LEVEL = 0;
				GCC_PREPROCESSOR_DEFINITIONS = (
					"DEBUG=1",
					"$(inherited)",
				);
				GCC_WARN_64_TO_32_BIT_CONVERSION = YES;
				GCC_WARN_ABOUT_RETURN_TYPE = YES_ERROR;
				GCC_WARN_UNDECLARED_SELECTOR = YES;
				GCC_WARN_UNINITIALIZED_AUTOS = YES_AGGRESSIVE;
				GCC_WARN_UNUSED_FUNCTION = YES;
				GCC_WARN_UNUSED_VARIABLE = YES;
				LOCALIZATION_PREFERS_STRING_CATALOGS = YES;
				MACOSX_DEPLOYMENT_TARGET = 13.0;
				MTL_ENABLE_DEBUG_INFO = INCLUDE_SOURCE;
				MTL_FAST_MATH = YES;
				ONLY_ACTIVE_ARCH = YES;
				SDKROOT = macosx;
				SWIFT_ACTIVE_COMPILATION_CONDITIONS = "DEBUG $(inherited)";
				SWIFT_OPTIMIZATION_LEVEL = "-Onone";
			};
			name = Debug;
		};
		A1FFFFF8000000000000002 /* Release */ = {
			isa = XCBuildConfiguration;
			buildSettings = {
				ALWAYS_SEARCH_USER_PATHS = NO;
				ASSETCATALOG_COMPILER_GENERATE_SWIFT_ASSET_SYMBOL_EXTENSIONS = YES;
				CLANG_ANALYZER_NONNULL = YES;
				CLANG_ANALYZER_NUMBER_OBJECT_CONVERSION = YES_AGGRESSIVE;
				CLANG_CXX_LANGUAGE_STANDARD = "gnu++20";
				CLANG_ENABLE_MODULES = YES;
				CLANG_ENABLE_OBJC_ARC = YES;
				CLANG_ENABLE_OBJC_WEAK = YES;
				CLANG_WARN_BLOCK_CAPTURE_AUTORELEASING = YES;
				CLANG_WARN_BOOL_CONVERSION = YES;
				CLANG_WARN_COMMA = YES;
				CLANG_WARN_CONSTANT_CONVERSION = YES;
				CLANG_WARN_DEPRECATED_OBJC_IMPLEMENTATIONS = YES;
				CLANG_WARN_DIRECT_OBJC_ISA_USAGE = YES_ERROR;
				CLANG_WARN_DOCUMENTATION_COMMENTS = YES;
				CLANG_WARN_EMPTY_BODY = YES;
				CLANG_WARN_ENUM_CONVERSION = YES;
				CLANG_WARN_INFINITE_RECURSION = YES;
				CLANG_WARN_INT_CONVERSION = YES;
				CLANG_WARN_NON_LITERAL_NULL_CONVERSION = YES;
				CLANG_WARN_OBJC_IMPLICIT_RETAIN_SELF = YES;
				CLANG_WARN_OBJC_LITERAL_CONVERSION = YES;
				CLANG_WARN_OBJC_ROOT_CLASS = YES_ERROR;
				CLANG_WARN_QUOTED_INCLUDE_IN_FRAMEWORK_HEADER = YES;
				CLANG_WARN_RANGE_LOOP_ANALYSIS = YES;
				CLANG_WARN_STRICT_PROTOTYPES = YES;
				CLANG_WARN_SUSPICIOUS_MOVE = YES;
				CLANG_WARN_UNGUARDED_AVAILABILITY = YES_AGGRESSIVE;
				CLANG_WARN_UNREACHABLE_CODE = YES;
				CLANG_WARN__DUPLICATE_METHOD_MATCH = YES;
				COPY_PHASE_STRIP = NO;
				DEBUG_INFORMATION_FORMAT = "dwarf-with-dsym";
				ENABLE_NS_ASSERTIONS = NO;
				ENABLE_STRICT_OBJC_MSGSEND = YES;
				ENABLE_USER_SCRIPT_SANDBOXING = YES;
				GCC_C_LANGUAGE_STANDARD = gnu17;
				GCC_NO_COMMON_BLOCKS = YES;
				GCC_WARN_64_TO_32_BIT_CONVERSION = YES;
				GCC_WARN_ABOUT_RETURN_TYPE = YES_ERROR;
				GCC_WARN_UNDECLARED_SELECTOR = YES;
				GCC_WARN_UNINITIALIZED_AUTOS = YES_AGGRESSIVE;
				GCC_WARN_UNUSED_FUNCTION = YES;
				GCC_WARN_UNUSED_VARIABLE = YES;
				LOCALIZATION_PREFERS_STRING_CATALOGS = YES;
				MACOSX_DEPLOYMENT_TARGET = 13.0;
				MTL_ENABLE_DEBUG_INFO = NO;
				MTL_FAST_MATH = YES;
				SDKROOT = macosx;
				SWIFT_COMPILATION_MODE = wholemodule;
			};
			name = Release;
		};
/* End XCBuildConfiguration section */

/* Begin XCConfigurationList section */
		A12EFC412ECB77F100C0CA18 /* Build configuration list for PBXNativeTarget "VideoCullingAppTests" */ = {
			isa = XCConfigurationList;
			buildConfigurations = (
				A12EFC3F2ECB77F100C0CA18 /* Debug */,
				A12EFC402ECB77F100C0CA18 /* Release */,
			);
			defaultConfigurationIsVisible = 0;
			defaultConfigurationName = Release;
		};
		A12EFC5B2ECB783800C0CA18 /* Build configuration list for PBXNativeTarget "VideoCullingAppUITests" */ = {
			isa = XCConfigurationList;
			buildConfigurations = (
				A12EFC5C2ECB783800C0CA18 /* Debug */,
				A12EFC5D2ECB783800C0CA18 /* Release */,
			);
			defaultConfigurationIsVisible = 0;
			defaultConfigurationName = Release;
		};
		A1FFFFFA000000000000002 /* Build configuration list for PBXProject "VideoCullingApp" */ = {
			isa = XCConfigurationList;
			buildConfigurations = (
				A1FFFFF8000000000000001 /* Debug */,
				A1FFFFF8000000000000002 /* Release */,
			);
			defaultConfigurationIsVisible = 0;
			defaultConfigurationName = Release;
		};
		A1FFFFFB000000000000001 /* Build configuration list for PBXNativeTarget "VideoCullingApp" */ = {
			isa = XCConfigurationList;
			buildConfigurations = (
				A1FFFFF7000000000000001 /* Debug */,
				A1FFFFF7000000000000002 /* Release */,
			);
			defaultConfigurationIsVisible = 0;
			defaultConfigurationName = Release;
		};
/* End XCConfigurationList section */

/* Begin XCVersionGroup section */
		A1000008000000000000001 /* VideoCullingApp.xcdatamodeld */ = {
			isa = XCVersionGroup;
			children = (
				A1000009000000000000002 /* VideoCullingApp.xcdatamodel */,
			);
			currentVersion = A1000009000000000000002 /* VideoCullingApp.xcdatamodel */;
			path = VideoCullingApp.xcdatamodeld;
			sourceTree = "<group>";
			versionGroupType = wrapper.xcdatamodel;
		};
/* End XCVersionGroup section */
	};
	rootObject = A1FFFFFD000000000000002 /* Project object */;
}
